// !$*UTF8*$!
{
	archiveVersion = 1;
	classes = {
	};
	objectVersion = 50;
	objects = {

/* Begin PBXBuildFile section */
		B771F08424E548D900073AA4 /* main.swift in Sources */ = {isa = PBXBuildFile; fileRef = B771F08324E548D900073AA4 /* main.swift */; };
		B771F09724E5492300073AA4 /* Vowel-Substring.swift in Sources */ = {isa = PBXBuildFile; fileRef = B771F09624E5492300073AA4 /* Vowel-Substring.swift */; };
		B771F09924E54CCD00073AA4 /* Vowel-SubstringTest.swift in Sources */ = {isa = PBXBuildFile; fileRef = B771F09824E54CCD00073AA4 /* Vowel-SubstringTest.swift */; };
		B771F09B24E5674200073AA4 /* Vowel-Substring.swift in Sources */ = {isa = PBXBuildFile; fileRef = B771F09624E5492300073AA4 /* Vowel-Substring.swift */; };
		B771F0A124E56BEF00073AA4 /* Road-Repair.swift in Sources */ = {isa = PBXBuildFile; fileRef = B771F0A024E56BEF00073AA4 /* Road-Repair.swift */; };
		B771F0A324E56E2200073AA4 /* Road-RepairTests.swift in Sources */ = {isa = PBXBuildFile; fileRef = B771F0A224E56E2200073AA4 /* Road-RepairTests.swift */; };
		B771F0A424E56E2600073AA4 /* Road-Repair.swift in Sources */ = {isa = PBXBuildFile; fileRef = B771F0A024E56BEF00073AA4 /* Road-Repair.swift */; };
/* End PBXBuildFile section */

/* Begin PBXCopyFilesBuildPhase section */
		B771F07E24E548D900073AA4 /* CopyFiles */ = {
			isa = PBXCopyFilesBuildPhase;
			buildActionMask = 2147483647;
			dstPath = /usr/share/man/man1/;
			dstSubfolderSpec = 0;
			files = (
			);
			runOnlyForDeploymentPostprocessing = 1;
		};
/* End PBXCopyFilesBuildPhase section */

/* Begin PBXFileReference section */
		B771F08024E548D900073AA4 /* HackerRank */ = {isa = PBXFileReference; explicitFileType = "compiled.mach-o.executable"; includeInIndex = 0; path = HackerRank; sourceTree = BUILT_PRODUCTS_DIR; };
		B771F08324E548D900073AA4 /* main.swift */ = {isa = PBXFileReference; lastKnownFileType = sourcecode.swift; path = main.swift; sourceTree = "<group>"; };
		B771F08E24E548EA00073AA4 /* HackerRankTests.xctest */ = {isa = PBXFileReference; explicitFileType = wrapper.cfbundle; includeInIndex = 0; path = HackerRankTests.xctest; sourceTree = BUILT_PRODUCTS_DIR; };
		B771F09224E548EA00073AA4 /* Info.plist */ = {isa = PBXFileReference; lastKnownFileType = text.plist.xml; path = Info.plist; sourceTree = "<group>"; };
		B771F09624E5492300073AA4 /* Vowel-Substring.swift */ = {isa = PBXFileReference; lastKnownFileType = sourcecode.swift; path = "Vowel-Substring.swift"; sourceTree = "<group>"; };
		B771F09824E54CCD00073AA4 /* Vowel-SubstringTest.swift */ = {isa = PBXFileReference; lastKnownFileType = sourcecode.swift; path = "Vowel-SubstringTest.swift"; sourceTree = "<group>"; };
		B771F0A024E56BEF00073AA4 /* Road-Repair.swift */ = {isa = PBXFileReference; lastKnownFileType = sourcecode.swift; path = "Road-Repair.swift"; sourceTree = "<group>"; };
		B771F0A224E56E2200073AA4 /* Road-RepairTests.swift */ = {isa = PBXFileReference; lastKnownFileType = sourcecode.swift; path = "Road-RepairTests.swift"; sourceTree = "<group>"; };
/* End PBXFileReference section */

/* Begin PBXFrameworksBuildPhase section */
		B771F07D24E548D900073AA4 /* Frameworks */ = {
			isa = PBXFrameworksBuildPhase;
			buildActionMask = 2147483647;
			files = (
			);
			runOnlyForDeploymentPostprocessing = 0;
		};
		B771F08B24E548EA00073AA4 /* Frameworks */ = {
			isa = PBXFrameworksBuildPhase;
			buildActionMask = 2147483647;
			files = (
			);
			runOnlyForDeploymentPostprocessing = 0;
		};
/* End PBXFrameworksBuildPhase section */

/* Begin PBXGroup section */
		B771F07724E548D900073AA4 = {
			isa = PBXGroup;
			children = (
				B771F08224E548D900073AA4 /* HackerRank */,
				B771F08F24E548EA00073AA4 /* HackerRankTests */,
				B771F08124E548D900073AA4 /* Products */,
			);
			sourceTree = "<group>";
		};
		B771F08124E548D900073AA4 /* Products */ = {
			isa = PBXGroup;
			children = (
				B771F08024E548D900073AA4 /* HackerRank */,
				B771F08E24E548EA00073AA4 /* HackerRankTests.xctest */,
			);
			name = Products;
			sourceTree = "<group>";
		};
		B771F08224E548D900073AA4 /* HackerRank */ = {
			isa = PBXGroup;
			children = (
				B771F09C24E56BAB00073AA4 /* Certificates */,
				B771F08324E548D900073AA4 /* main.swift */,
			);
			path = HackerRank;
			sourceTree = "<group>";
		};
		B771F08F24E548EA00073AA4 /* HackerRankTests */ = {
			isa = PBXGroup;
			children = (
				B771F09E24E56BC800073AA4 /* Certificates */,
				B771F09224E548EA00073AA4 /* Info.plist */,
			);
			path = HackerRankTests;
			sourceTree = "<group>";
		};
		B771F09C24E56BAB00073AA4 /* Certificates */ = {
			isa = PBXGroup;
			children = (
				B771F09D24E56BB200073AA4 /* Problem Solving (Basic) */,
			);
			path = Certificates;
			sourceTree = "<group>";
		};
		B771F09D24E56BB200073AA4 /* Problem Solving (Basic) */ = {
			isa = PBXGroup;
			children = (
				B771F09624E5492300073AA4 /* Vowel-Substring.swift */,
				B771F0A024E56BEF00073AA4 /* Road-Repair.swift */,
			);
			path = "Problem Solving (Basic)";
			sourceTree = "<group>";
		};
		B771F09E24E56BC800073AA4 /* Certificates */ = {
			isa = PBXGroup;
			children = (
				B771F09F24E56BCF00073AA4 /* Problem Solving (Basic) */,
			);
			path = Certificates;
			sourceTree = "<group>";
		};
		B771F09F24E56BCF00073AA4 /* Problem Solving (Basic) */ = {
			isa = PBXGroup;
			children = (
				B771F09824E54CCD00073AA4 /* Vowel-SubstringTest.swift */,
				B771F0A224E56E2200073AA4 /* Road-RepairTests.swift */,
			);
			path = "Problem Solving (Basic)";
			sourceTree = "<group>";
		};
/* End PBXGroup section */

/* Begin PBXNativeTarget section */
		B771F07F24E548D900073AA4 /* HackerRank */ = {
			isa = PBXNativeTarget;
			buildConfigurationList = B771F08724E548D900073AA4 /* Build configuration list for PBXNativeTarget "HackerRank" */;
			buildPhases = (
				B771F07C24E548D900073AA4 /* Sources */,
				B771F07D24E548D900073AA4 /* Frameworks */,
				B771F07E24E548D900073AA4 /* CopyFiles */,
			);
			buildRules = (
			);
			dependencies = (
			);
			name = HackerRank;
			productName = HackerRank;
			productReference = B771F08024E548D900073AA4 /* HackerRank */;
			productType = "com.apple.product-type.tool";
		};
		B771F08D24E548EA00073AA4 /* HackerRankTests */ = {
			isa = PBXNativeTarget;
			buildConfigurationList = B771F09324E548EA00073AA4 /* Build configuration list for PBXNativeTarget "HackerRankTests" */;
			buildPhases = (
				B771F08A24E548EA00073AA4 /* Sources */,
				B771F08B24E548EA00073AA4 /* Frameworks */,
				B771F08C24E548EA00073AA4 /* Resources */,
			);
			buildRules = (
			);
			dependencies = (
			);
			name = HackerRankTests;
			productName = HackerRankTests;
			productReference = B771F08E24E548EA00073AA4 /* HackerRankTests.xctest */;
			productType = "com.apple.product-type.bundle.unit-test";
		};
/* End PBXNativeTarget section */

/* Begin PBXProject section */
		B771F07824E548D900073AA4 /* Project object */ = {
			isa = PBXProject;
			attributes = {
				LastSwiftUpdateCheck = 1200;
				LastUpgradeCheck = 1200;
				TargetAttributes = {
					B771F07F24E548D900073AA4 = {
						CreatedOnToolsVersion = 12.0;
					};
					B771F08D24E548EA00073AA4 = {
						CreatedOnToolsVersion = 12.0;
						LastSwiftMigration = 1200;
					};
				};
			};
			buildConfigurationList = B771F07B24E548D900073AA4 /* Build configuration list for PBXProject "HackerRank" */;
			compatibilityVersion = "Xcode 9.3";
			developmentRegion = en;
			hasScannedForEncodings = 0;
			knownRegions = (
				en,
				Base,
			);
			mainGroup = B771F07724E548D900073AA4;
			productRefGroup = B771F08124E548D900073AA4 /* Products */;
			projectDirPath = "";
			projectRoot = "";
			targets = (
				B771F07F24E548D900073AA4 /* HackerRank */,
				B771F08D24E548EA00073AA4 /* HackerRankTests */,
			);
		};
/* End PBXProject section */

/* Begin PBXResourcesBuildPhase section */
		B771F08C24E548EA00073AA4 /* Resources */ = {
			isa = PBXResourcesBuildPhase;
			buildActionMask = 2147483647;
			files = (
			);
			runOnlyForDeploymentPostprocessing = 0;
		};
/* End PBXResourcesBuildPhase section */

/* Begin PBXSourcesBuildPhase section */
		B771F07C24E548D900073AA4 /* Sources */ = {
			isa = PBXSourcesBuildPhase;
			buildActionMask = 2147483647;
			files = (
				B771F0A124E56BEF00073AA4 /* Road-Repair.swift in Sources */,
				B771F08424E548D900073AA4 /* main.swift in Sources */,
				B771F09724E5492300073AA4 /* Vowel-Substring.swift in Sources */,
			);
			runOnlyForDeploymentPostprocessing = 0;
		};
		B771F08A24E548EA00073AA4 /* Sources */ = {
			isa = PBXSourcesBuildPhase;
			buildActionMask = 2147483647;
			files = (
				B771F0A324E56E2200073AA4 /* Road-RepairTests.swift in Sources */,
				B771F09924E54CCD00073AA4 /* Vowel-SubstringTest.swift in Sources */,
				B771F0A424E56E2600073AA4 /* Road-Repair.swift in Sources */,
				B771F09B24E5674200073AA4 /* Vowel-Substring.swift in Sources */,
			);
			runOnlyForDeploymentPostprocessing = 0;
		};
/* End PBXSourcesBuildPhase section */

/* Begin XCBuildConfiguration section */
		B771F08524E548D900073AA4 /* Debug */ = {
			isa = XCBuildConfiguration;
			buildSettings = {
				ALWAYS_SEARCH_USER_PATHS = NO;
				CLANG_ANALYZER_NONNULL = YES;
				CLANG_ANALYZER_NUMBER_OBJECT_CONVERSION = YES_AGGRESSIVE;
				CLANG_CXX_LANGUAGE_STANDARD = "gnu++14";
				CLANG_CXX_LIBRARY = "libc++";
				CLANG_ENABLE_MODULES = YES;
				CLANG_ENABLE_OBJC_ARC = YES;
				CLANG_ENABLE_OBJC_WEAK = YES;
				CLANG_WARN_BLOCK_CAPTURE_AUTORELEASING = YES;
				CLANG_WARN_BOOL_CONVERSION = YES;
				CLANG_WARN_COMMA = YES;
				CLANG_WARN_CONSTANT_CONVERSION = YES;
				CLANG_WARN_DEPRECATED_OBJC_IMPLEMENTATIONS = YES;
				CLANG_WARN_DIRECT_OBJC_ISA_USAGE = YES_ERROR;
				CLANG_WARN_DOCUMENTATION_COMMENTS = YES;
				CLANG_WARN_EMPTY_BODY = YES;
				CLANG_WARN_ENUM_CONVERSION = YES;
				CLANG_WARN_INFINITE_RECURSION = YES;
				CLANG_WARN_INT_CONVERSION = YES;
				CLANG_WARN_NON_LITERAL_NULL_CONVERSION = YES;
				CLANG_WARN_OBJC_IMPLICIT_RETAIN_SELF = YES;
				CLANG_WARN_OBJC_LITERAL_CONVERSION = YES;
				CLANG_WARN_OBJC_ROOT_CLASS = YES_ERROR;
				CLANG_WARN_QUOTED_INCLUDE_IN_FRAMEWORK_HEADER = YES;
				CLANG_WARN_RANGE_LOOP_ANALYSIS = YES;
				CLANG_WARN_STRICT_PROTOTYPES = YES;
				CLANG_WARN_SUSPICIOUS_MOVE = YES;
				CLANG_WARN_UNGUARDED_AVAILABILITY = YES_AGGRESSIVE;
				CLANG_WARN_UNREACHABLE_CODE = YES;
				CLANG_WARN__DUPLICATE_METHOD_MATCH = YES;
				COPY_PHASE_STRIP = NO;
				DEBUG_INFORMATION_FORMAT = dwarf;
				ENABLE_STRICT_OBJC_MSGSEND = YES;
				ENABLE_TESTABILITY = YES;
				GCC_C_LANGUAGE_STANDARD = gnu11;
				GCC_DYNAMIC_NO_PIC = NO;
				GCC_NO_COMMON_BLOCKS = YES;
				GCC_OPTIMIZATION_LEVEL = 0;
				GCC_PREPROCESSOR_DEFINITIONS = (
					"DEBUG=1",
					"$(inherited)",
				);
				GCC_WARN_64_TO_32_BIT_CONVERSION = YES;
				GCC_WARN_ABOUT_RETURN_TYPE = YES_ERROR;
				GCC_WARN_UNDECLARED_SELECTOR = YES;
				GCC_WARN_UNINITIALIZED_AUTOS = YES_AGGRESSIVE;
				GCC_WARN_UNUSED_FUNCTION = YES;
				GCC_WARN_UNUSED_VARIABLE = YES;
				MACOSX_DEPLOYMENT_TARGET = 11.0;
				MTL_ENABLE_DEBUG_INFO = INCLUDE_SOURCE;
				MTL_FAST_MATH = YES;
				ONLY_ACTIVE_ARCH = YES;
				SDKROOT = macosx;
				SWIFT_ACTIVE_COMPILATION_CONDITIONS = DEBUG;
				SWIFT_OPTIMIZATION_LEVEL = "-Onone";
			};
			name = Debug;
		};
		B771F08624E548D900073AA4 /* Release */ = {
			isa = XCBuildConfiguration;
			buildSettings = {
				ALWAYS_SEARCH_USER_PATHS = NO;
				CLANG_ANALYZER_NONNULL = YES;
				CLANG_ANALYZER_NUMBER_OBJECT_CONVERSION = YES_AGGRESSIVE;
				CLANG_CXX_LANGUAGE_STANDARD = "gnu++14";
				CLANG_CXX_LIBRARY = "libc++";
				CLANG_ENABLE_MODULES = YES;
				CLANG_ENABLE_OBJC_ARC = YES;
				CLANG_ENABLE_OBJC_WEAK = YES;
				CLANG_WARN_BLOCK_CAPTURE_AUTORELEASING = YES;
				CLANG_WARN_BOOL_CONVERSION = YES;
				CLANG_WARN_COMMA = YES;
				CLANG_WARN_CONSTANT_CONVERSION = YES;
				CLANG_WARN_DEPRECATED_OBJC_IMPLEMENTATIONS = YES;
				CLANG_WARN_DIRECT_OBJC_ISA_USAGE = YES_ERROR;
				CLANG_WARN_DOCUMENTATION_COMMENTS = YES;
				CLANG_WARN_EMPTY_BODY = YES;
				CLANG_WARN_ENUM_CONVERSION = YES;
				CLANG_WARN_INFINITE_RECURSION = YES;
				CLANG_WARN_INT_CONVERSION = YES;
				CLANG_WARN_NON_LITERAL_NULL_CONVERSION = YES;
				CLANG_WARN_OBJC_IMPLICIT_RETAIN_SELF = YES;
				CLANG_WARN_OBJC_LITERAL_CONVERSION = YES;
				CLANG_WARN_OBJC_ROOT_CLASS = YES_ERROR;
				CLANG_WARN_QUOTED_INCLUDE_IN_FRAMEWORK_HEADER = YES;
				CLANG_WARN_RANGE_LOOP_ANALYSIS = YES;
				CLANG_WARN_STRICT_PROTOTYPES = YES;
				CLANG_WARN_SUSPICIOUS_MOVE = YES;
				CLANG_WARN_UNGUARDED_AVAILABILITY = YES_AGGRESSIVE;
				CLANG_WARN_UNREACHABLE_CODE = YES;
				CLANG_WARN__DUPLICATE_METHOD_MATCH = YES;
				COPY_PHASE_STRIP = NO;
				DEBUG_INFORMATION_FORMAT = "dwarf-with-dsym";
				ENABLE_NS_ASSERTIONS = NO;
				ENABLE_STRICT_OBJC_MSGSEND = YES;
				GCC_C_LANGUAGE_STANDARD = gnu11;
				GCC_NO_COMMON_BLOCKS = YES;
				GCC_WARN_64_TO_32_BIT_CONVERSION = YES;
				GCC_WARN_ABOUT_RETURN_TYPE = YES_ERROR;
				GCC_WARN_UNDECLARED_SELECTOR = YES;
				GCC_WARN_UNINITIALIZED_AUTOS = YES_AGGRESSIVE;
				GCC_WARN_UNUSED_FUNCTION = YES;
				GCC_WARN_UNUSED_VARIABLE = YES;
				MACOSX_DEPLOYMENT_TARGET = 11.0;
				MTL_ENABLE_DEBUG_INFO = NO;
				MTL_FAST_MATH = YES;
				SDKROOT = macosx;
				SWIFT_COMPILATION_MODE = wholemodule;
				SWIFT_OPTIMIZATION_LEVEL = "-O";
			};
			name = Release;
		};
		B771F08824E548D900073AA4 /* Debug */ = {
			isa = XCBuildConfiguration;
			buildSettings = {
				CODE_SIGN_STYLE = Automatic;
				DEVELOPMENT_TEAM = 9C65X4DXKC;
				ENABLE_HARDENED_RUNTIME = YES;
				PRODUCT_NAME = "$(TARGET_NAME)";
				SWIFT_VERSION = 5.0;
			};
			name = Debug;
		};
		B771F08924E548D900073AA4 /* Release */ = {
			isa = XCBuildConfiguration;
			buildSettings = {
				CODE_SIGN_STYLE = Automatic;
				DEVELOPMENT_TEAM = 9C65X4DXKC;
				ENABLE_HARDENED_RUNTIME = YES;
				PRODUCT_NAME = "$(TARGET_NAME)";
				SWIFT_VERSION = 5.0;
			};
			name = Release;
		};
		B771F09424E548EA00073AA4 /* Debug */ = {
			isa = XCBuildConfiguration;
			buildSettings = {
				CLANG_ENABLE_MODULES = YES;
				CODE_SIGN_STYLE = Automatic;
				COMBINE_HIDPI_IMAGES = YES;
				DEVELOPMENT_TEAM = 9C65X4DXKC;
				INFOPLIST_FILE = HackerRankTests/Info.plist;
				LD_RUNPATH_SEARCH_PATHS = (
					"$(inherited)",
					"@executable_path/../Frameworks",
					"@loader_path/../Frameworks",
				);
				PRODUCT_BUNDLE_IDENTIFIER = com.nikandv.HackerRankTests;
				PRODUCT_NAME = "$(TARGET_NAME)";
				SWIFT_OPTIMIZATION_LEVEL = "-Onone";
				SWIFT_VERSION = 5.0;
			};
			name = Debug;
		};
		B771F09524E548EA00073AA4 /* Release */ = {
			isa = XCBuildConfiguration;
			buildSettings = {
				CLANG_ENABLE_MODULES = YES;
				CODE_SIGN_STYLE = Automatic;
				COMBINE_HIDPI_IMAGES = YES;
				DEVELOPMENT_TEAM = 9C65X4DXKC;
				INFOPLIST_FILE = HackerRankTests/Info.plist;
				LD_RUNPATH_SEARCH_PATHS = (
					"$(inherited)",
					"@executable_path/../Frameworks",
					"@loader_path/../Frameworks",
				);
				PRODUCT_BUNDLE_IDENTIFIER = com.nikandv.HackerRankTests;
				PRODUCT_NAME = "$(TARGET_NAME)";
				SWIFT_VERSION = 5.0;
			};
			name = Release;
		};
/* End XCBuildConfiguration section */

/* Begin XCConfigurationList section */
		B771F07B24E548D900073AA4 /* Build configuration list for PBXProject "HackerRank" */ = {
			isa = XCConfigurationList;
			buildConfigurations = (
				B771F08524E548D900073AA4 /* Debug */,
				B771F08624E548D900073AA4 /* Release */,
			);
			defaultConfigurationIsVisible = 0;
			defaultConfigurationName = Release;
		};
		B771F08724E548D900073AA4 /* Build configuration list for PBXNativeTarget "HackerRank" */ = {
			isa = XCConfigurationList;
			buildConfigurations = (
				B771F08824E548D900073AA4 /* Debug */,
				B771F08924E548D900073AA4 /* Release */,
			);
			defaultConfigurationIsVisible = 0;
			defaultConfigurationName = Release;
		};
		B771F09324E548EA00073AA4 /* Build configuration list for PBXNativeTarget "HackerRankTests" */ = {
			isa = XCConfigurationList;
			buildConfigurations = (
				B771F09424E548EA00073AA4 /* Debug */,
				B771F09524E548EA00073AA4 /* Release */,
			);
			defaultConfigurationIsVisible = 0;
			defaultConfigurationName = Release;
		};
/* End XCConfigurationList section */
	};
	rootObject = B771F07824E548D900073AA4 /* Project object */;
}
